PODS:
  - Protobuf (3.17.0)
  - SocketRocket (0.5.1)

DEPENDENCIES:
  - Protobuf
  - SocketRocket (= 0.5.1)

SPEC REPOS:
  trunk:
    - Protobuf
    - SocketRocket

SPEC CHECKSUMS:
  Protobuf: 7327d4444215b5f18e560a97f879ff5503c4581c
  SocketRocket: d57c7159b83c3c6655745cd15302aa24b6bae531

PODFILE CHECKSUM: ff437e48bc59929536e92d4d424f75721f3c1106

COCOAPODS: 1.9.3
